
Microsoft Visual Studio Solution File, Format Version 12.00
# Visual Studio 15
VisualStudioVersion = 15.0.27004.2005
MinimumVisualStudioVersion = 10.0.40219.1
Project("{FAE04EC0-301F-11D3-BF4B-00C04F79EFBC}") = "ConsoleApp4", "ConsoleApp4\ConsoleApp4.csproj", "{3B9AD66C-12B4-4E2C-AB2E-F04DE1EEC872}"
EndProject
Global
	GlobalSection(SolutionConfigurationPlatforms) = preSolution
		Debug|Any CPU = Debug|Any CPU
		Release|Any CPU = Release|Any CPU
	EndGlobalSection
	GlobalSection(ProjectConfigurationPlatforms) = postSolution
		{3B9AD66C-12B4-4E2C-AB2E-F04DE1EEC872}.Debug|Any CPU.ActiveCfg = Debug|Any CPU
		{3B9AD66C-12B4-4E2C-AB2E-F04DE1EEC872}.Debug|Any CPU.Build.0 = Debug|Any CPU
		{3B9AD66C-12B4-4E2C-AB2E-F04DE1EEC872}.Release|Any CPU.ActiveCfg = Release|Any CPU
		{3B9AD66C-12B4-4E2C-AB2E-F04DE1EEC872}.Release|Any CPU.Build.0 = Release|Any CPU
	EndGlobalSection
	GlobalSection(SolutionProperties) = preSolution
		HideSolutionNode = FALSE
	EndGlobalSection
	GlobalSection(ExtensibilityGlobals) = postSolution
		SolutionGuid = {85A040AA-7E52-4EE7-A287-6946A7467DFF}
	EndGlobalSection
EndGlobal
